
Microsoft Visual Studio Solution File, Format Version 12.00
# Visual Studio Version 16
VisualStudioVersion = 16.0.29920.165
MinimumVisualStudioVersion = 10.0.40219.1
Project("{FAE04EC0-301F-11D3-BF4B-00C04F79EFBC}") = "SomeToolsForWork", "SomeToolsForWork\SomeToolsForWork.csproj", "{B9125963-0258-4408-87B2-DCBA0FC51A0E}"
	ProjectSection(ProjectDependencies) = postProject
		{FCA1050F-57E0-4F70-8FC5-48FF51C36457} = {FCA1050F-57E0-4F70-8FC5-48FF51C36457}
	EndProjectSection
EndProject
Project("{8BC9CEB8-8B4A-11D0-8D11-00A0C91BC942}") = "AppFun", "AppFun\AppFun.vcxproj", "{FCA1050F-57E0-4F70-8FC5-48FF51C36457}"
EndProject
Project("{2150E333-8FDC-42A3-9474-1A3956D46DE8}") = "Solution Items", "Solution Items", "{1D4AA2CA-73C4-4C0F-A895-DDA641149FC5}"
	ProjectSection(SolutionItems) = preProject
		.editorconfig = .editorconfig
	EndProjectSection
EndProject
Project("{FAE04EC0-301F-11D3-BF4B-00C04F79EFBC}") = "Comm", "CommSharp\Comm\Comm.csproj", "{46B5B8A3-7B87-492B-8EAC-79C3BD98F51A}"
EndProject
Global
	GlobalSection(SolutionConfigurationPlatforms) = preSolution
		Debug|Any CPU = Debug|Any CPU
		Debug|x64 = Debug|x64
		Debug|x86 = Debug|x86
		Release|Any CPU = Release|Any CPU
		Release|x64 = Release|x64
		Release|x86 = Release|x86
	EndGlobalSection
	GlobalSection(ProjectConfigurationPlatforms) = postSolution
		{B9125963-0258-4408-87B2-DCBA0FC51A0E}.Debug|Any CPU.ActiveCfg = Debug|Any CPU
		{B9125963-0258-4408-87B2-DCBA0FC51A0E}.Debug|Any CPU.Build.0 = Debug|Any CPU
		{B9125963-0258-4408-87B2-DCBA0FC51A0E}.Debug|x64.ActiveCfg = Debug|Any CPU
		{B9125963-0258-4408-87B2-DCBA0FC51A0E}.Debug|x64.Build.0 = Debug|Any CPU
		{B9125963-0258-4408-87B2-DCBA0FC51A0E}.Debug|x86.ActiveCfg = Debug|Any CPU
		{B9125963-0258-4408-87B2-DCBA0FC51A0E}.Debug|x86.Build.0 = Debug|Any CPU
		{B9125963-0258-4408-87B2-DCBA0FC51A0E}.Release|Any CPU.ActiveCfg = Release|Any CPU
		{B9125963-0258-4408-87B2-DCBA0FC51A0E}.Release|Any CPU.Build.0 = Release|Any CPU
		{B9125963-0258-4408-87B2-DCBA0FC51A0E}.Release|x64.ActiveCfg = Release|Any CPU
		{B9125963-0258-4408-87B2-DCBA0FC51A0E}.Release|x64.Build.0 = Release|Any CPU
		{B9125963-0258-4408-87B2-DCBA0FC51A0E}.Release|x86.ActiveCfg = Release|Any CPU
		{B9125963-0258-4408-87B2-DCBA0FC51A0E}.Release|x86.Build.0 = Release|Any CPU
		{FCA1050F-57E0-4F70-8FC5-48FF51C36457}.Debug|Any CPU.ActiveCfg = Debug|Win32
		{FCA1050F-57E0-4F70-8FC5-48FF51C36457}.Debug|Any CPU.Build.0 = Debug|Win32
		{FCA1050F-57E0-4F70-8FC5-48FF51C36457}.Debug|x64.ActiveCfg = Debug|x64
		{FCA1050F-57E0-4F70-8FC5-48FF51C36457}.Debug|x64.Build.0 = Debug|x64
		{FCA1050F-57E0-4F70-8FC5-48FF51C36457}.Debug|x86.ActiveCfg = Debug|Win32
		{FCA1050F-57E0-4F70-8FC5-48FF51C36457}.Debug|x86.Build.0 = Debug|Win32
		{FCA1050F-57E0-4F70-8FC5-48FF51C36457}.Release|Any CPU.ActiveCfg = Release|Win32
		{FCA1050F-57E0-4F70-8FC5-48FF51C36457}.Release|Any CPU.Build.0 = Release|Win32
		{FCA1050F-57E0-4F70-8FC5-48FF51C36457}.Release|x64.ActiveCfg = Release|x64
		{FCA1050F-57E0-4F70-8FC5-48FF51C36457}.Release|x64.Build.0 = Release|x64
		{FCA1050F-57E0-4F70-8FC5-48FF51C36457}.Release|x86.ActiveCfg = Release|Win32
		{FCA1050F-57E0-4F70-8FC5-48FF51C36457}.Release|x86.Build.0 = Release|Win32
		{46B5B8A3-7B87-492B-8EAC-79C3BD98F51A}.Debug|Any CPU.ActiveCfg = Debug|Any CPU
		{46B5B8A3-7B87-492B-8EAC-79C3BD98F51A}.Debug|Any CPU.Build.0 = Debug|Any CPU
		{46B5B8A3-7B87-492B-8EAC-79C3BD98F51A}.Debug|x64.ActiveCfg = Debug|Any CPU
		{46B5B8A3-7B87-492B-8EAC-79C3BD98F51A}.Debug|x64.Build.0 = Debug|Any CPU
		{46B5B8A3-7B87-492B-8EAC-79C3BD98F51A}.Debug|x86.ActiveCfg = Debug|Any CPU
		{46B5B8A3-7B87-492B-8EAC-79C3BD98F51A}.Debug|x86.Build.0 = Debug|Any CPU
		{46B5B8A3-7B87-492B-8EAC-79C3BD98F51A}.Release|Any CPU.ActiveCfg = Release|Any CPU
		{46B5B8A3-7B87-492B-8EAC-79C3BD98F51A}.Release|Any CPU.Build.0 = Release|Any CPU
		{46B5B8A3-7B87-492B-8EAC-79C3BD98F51A}.Release|x64.ActiveCfg = Release|Any CPU
		{46B5B8A3-7B87-492B-8EAC-79C3BD98F51A}.Release|x64.Build.0 = Release|Any CPU
		{46B5B8A3-7B87-492B-8EAC-79C3BD98F51A}.Release|x86.ActiveCfg = Release|Any CPU
		{46B5B8A3-7B87-492B-8EAC-79C3BD98F51A}.Release|x86.Build.0 = Release|Any CPU
	EndGlobalSection
	GlobalSection(SolutionProperties) = preSolution
		HideSolutionNode = FALSE
	EndGlobalSection
	GlobalSection(ExtensibilityGlobals) = postSolution
		SolutionGuid = {7F16C00E-195E-4052-8AE4-4E86F36A1276}
	EndGlobalSection
EndGlobal
